<?xml version="1.0" encoding="utf-8"?>
<Project ToolsVersion="4.0" xmlns="http://schemas.microsoft.com/developer/msbuild/2003">
  <ItemGroup>
    <Filter Include="GloomZ">
      <UniqueIdentifier>{7D645EB5-6906-898B-52C1-9CDF3E0210DC}</UniqueIdentifier>
    </Filter>
  </ItemGroup>
  <ItemGroup>
    <ClInclude Include="src\GloomZ.h" />
    <ClInclude Include="src\GloomZ\Application.h">
      <Filter>GloomZ</Filter>
    </ClInclude>
    <ClInclude Include="src\GloomZ\Core.h">
      <Filter>GloomZ</Filter>
    </ClInclude>
    <ClInclude Include="src\GloomZ\EntryPoint.h">
      <Filter>GloomZ</Filter>
    </ClInclude>
    <ClInclude Include="src\GloomZ\Log.h">
      <Filter>GloomZ</Filter>
    </ClInclude>
  </ItemGroup>
  <ItemGroup>
    <ClCompile Include="src\GloomZ\Application.cpp">
      <Filter>GloomZ</Filter>
    </ClCompile>
    <ClCompile Include="src\GloomZ\Log.cpp">
      <Filter>GloomZ</Filter>
    </ClCompile>
  </ItemGroup>
</Project>